
Microsoft Visual Studio Solution File, Format Version 12.00
# Visual Studio Version 17
VisualStudioVersion = 17.0.31903.59
MinimumVisualStudioVersion = 10.0.40219.1
Project("{FAE04EC0-301F-11D3-BF4B-00C04F79EFBC}") = "Cynara.Api", "src\Cynara.Api\Cynara.Api.csproj", "{A1B2C3D4-E5F6-7890-ABCD-EF1234567890}"
EndProject
Project("{2150E333-8FDC-42A3-9474-1A3956D46DE8}") = "tests", "tests", "{0AB3BF05-4346-4AA6-1389-037BE0695223}"
EndProject
Project("{FAE04EC0-301F-11D3-BF4B-00C04F79EFBC}") = "Cynara.Api.Tests", "tests\Cynara.Api.Tests\Cynara.Api.Tests.csproj", "{895D2ABD-30AB-4E21-8114-F05DA9B6ED25}"
EndProject
Project("{2150E333-8FDC-42A3-9474-1A3956D46DE8}") = "src", "src", "{827E0CD3-B72D-47B6-A68D-7590B98EB39B}"
EndProject
Project("{FAE04EC0-301F-11D3-BF4B-00C04F79EFBC}") = "Cynara.Domain", "src\Cynara.Domain\Cynara.Domain.csproj", "{0FBDA28D-0C9A-4469-9A74-F561CF9620C7}"
EndProject
Project("{FAE04EC0-301F-11D3-BF4B-00C04F79EFBC}") = "Cynara.Application", "src\Cynara.Application\Cynara.Application.csproj", "{5E17B29E-BFC6-44BF-9BAD-D0D0295CD905}"
EndProject
Project("{FAE04EC0-301F-11D3-BF4B-00C04F79EFBC}") = "Cynara.Infrastructure", "src\Cynara.Infrastructure\Cynara.Infrastructure.csproj", "{8188DA8A-93D4-49FE-9DF3-B70BF877951D}"
EndProject
Global
	GlobalSection(SolutionConfigurationPlatforms) = preSolution
		Debug|Any CPU = Debug|Any CPU
		Debug|x64 = Debug|x64
		Debug|x86 = Debug|x86
		Release|Any CPU = Release|Any CPU
		Release|x64 = Release|x64
		Release|x86 = Release|x86
	EndGlobalSection
	GlobalSection(ProjectConfigurationPlatforms) = postSolution
		{A1B2C3D4-E5F6-7890-ABCD-EF1234567890}.Debug|Any CPU.ActiveCfg = Debug|Any CPU
		{A1B2C3D4-E5F6-7890-ABCD-EF1234567890}.Debug|Any CPU.Build.0 = Debug|Any CPU
		{A1B2C3D4-E5F6-7890-ABCD-EF1234567890}.Debug|x64.ActiveCfg = Debug|Any CPU
		{A1B2C3D4-E5F6-7890-ABCD-EF1234567890}.Debug|x64.Build.0 = Debug|Any CPU
		{A1B2C3D4-E5F6-7890-ABCD-EF1234567890}.Debug|x86.ActiveCfg = Debug|Any CPU
		{A1B2C3D4-E5F6-7890-ABCD-EF1234567890}.Debug|x86.Build.0 = Debug|Any CPU
		{A1B2C3D4-E5F6-7890-ABCD-EF1234567890}.Release|Any CPU.ActiveCfg = Release|Any CPU
		{A1B2C3D4-E5F6-7890-ABCD-EF1234567890}.Release|Any CPU.Build.0 = Release|Any CPU
		{A1B2C3D4-E5F6-7890-ABCD-EF1234567890}.Release|x64.ActiveCfg = Release|Any CPU
		{A1B2C3D4-E5F6-7890-ABCD-EF1234567890}.Release|x64.Build.0 = Release|Any CPU
		{A1B2C3D4-E5F6-7890-ABCD-EF1234567890}.Release|x86.ActiveCfg = Release|Any CPU
		{A1B2C3D4-E5F6-7890-ABCD-EF1234567890}.Release|x86.Build.0 = Release|Any CPU
		{895D2ABD-30AB-4E21-8114-F05DA9B6ED25}.Debug|Any CPU.ActiveCfg = Debug|Any CPU
		{895D2ABD-30AB-4E21-8114-F05DA9B6ED25}.Debug|Any CPU.Build.0 = Debug|Any CPU
		{895D2ABD-30AB-4E21-8114-F05DA9B6ED25}.Debug|x64.ActiveCfg = Debug|Any CPU
		{895D2ABD-30AB-4E21-8114-F05DA9B6ED25}.Debug|x64.Build.0 = Debug|Any CPU
		{895D2ABD-30AB-4E21-8114-F05DA9B6ED25}.Debug|x86.ActiveCfg = Debug|Any CPU
		{895D2ABD-30AB-4E21-8114-F05DA9B6ED25}.Debug|x86.Build.0 = Debug|Any CPU
		{895D2ABD-30AB-4E21-8114-F05DA9B6ED25}.Release|Any CPU.ActiveCfg = Release|Any CPU
		{895D2ABD-30AB-4E21-8114-F05DA9B6ED25}.Release|Any CPU.Build.0 = Release|Any CPU
		{895D2ABD-30AB-4E21-8114-F05DA9B6ED25}.Release|x64.ActiveCfg = Release|Any CPU
		{895D2ABD-30AB-4E21-8114-F05DA9B6ED25}.Release|x64.Build.0 = Release|Any CPU
		{895D2ABD-30AB-4E21-8114-F05DA9B6ED25}.Release|x86.ActiveCfg = Release|Any CPU
		{895D2ABD-30AB-4E21-8114-F05DA9B6ED25}.Release|x86.Build.0 = Release|Any CPU
		{0FBDA28D-0C9A-4469-9A74-F561CF9620C7}.Debug|Any CPU.ActiveCfg = Debug|Any CPU
		{0FBDA28D-0C9A-4469-9A74-F561CF9620C7}.Debug|Any CPU.Build.0 = Debug|Any CPU
		{0FBDA28D-0C9A-4469-9A74-F561CF9620C7}.Debug|x64.ActiveCfg = Debug|Any CPU
		{0FBDA28D-0C9A-4469-9A74-F561CF9620C7}.Debug|x64.Build.0 = Debug|Any CPU
		{0FBDA28D-0C9A-4469-9A74-F561CF9620C7}.Debug|x86.ActiveCfg = Debug|Any CPU
		{0FBDA28D-0C9A-4469-9A74-F561CF9620C7}.Debug|x86.Build.0 = Debug|Any CPU
		{0FBDA28D-0C9A-4469-9A74-F561CF9620C7}.Release|Any CPU.ActiveCfg = Release|Any CPU
		{0FBDA28D-0C9A-4469-9A74-F561CF9620C7}.Release|Any CPU.Build.0 = Release|Any CPU
		{0FBDA28D-0C9A-4469-9A74-F561CF9620C7}.Release|x64.ActiveCfg = Release|Any CPU
		{0FBDA28D-0C9A-4469-9A74-F561CF9620C7}.Release|x64.Build.0 = Release|Any CPU
		{0FBDA28D-0C9A-4469-9A74-F561CF9620C7}.Release|x86.ActiveCfg = Release|Any CPU
		{0FBDA28D-0C9A-4469-9A74-F561CF9620C7}.Release|x86.Build.0 = Release|Any CPU
		{5E17B29E-BFC6-44BF-9BAD-D0D0295CD905}.Debug|Any CPU.ActiveCfg = Debug|Any CPU
		{5E17B29E-BFC6-44BF-9BAD-D0D0295CD905}.Debug|Any CPU.Build.0 = Debug|Any CPU
		{5E17B29E-BFC6-44BF-9BAD-D0D0295CD905}.Debug|x64.ActiveCfg = Debug|Any CPU
		{5E17B29E-BFC6-44BF-9BAD-D0D0295CD905}.Debug|x64.Build.0 = Debug|Any CPU
		{5E17B29E-BFC6-44BF-9BAD-D0D0295CD905}.Debug|x86.ActiveCfg = Debug|Any CPU
		{5E17B29E-BFC6-44BF-9BAD-D0D0295CD905}.Debug|x86.Build.0 = Debug|Any CPU
		{5E17B29E-BFC6-44BF-9BAD-D0D0295CD905}.Release|Any CPU.ActiveCfg = Release|Any CPU
		{5E17B29E-BFC6-44BF-9BAD-D0D0295CD905}.Release|Any CPU.Build.0 = Release|Any CPU
		{5E17B29E-BFC6-44BF-9BAD-D0D0295CD905}.Release|x64.ActiveCfg = Release|Any CPU
		{5E17B29E-BFC6-44BF-9BAD-D0D0295CD905}.Release|x64.Build.0 = Release|Any CPU
		{5E17B29E-BFC6-44BF-9BAD-D0D0295CD905}.Release|x86.ActiveCfg = Release|Any CPU
		{5E17B29E-BFC6-44BF-9BAD-D0D0295CD905}.Release|x86.Build.0 = Release|Any CPU
		{8188DA8A-93D4-49FE-9DF3-B70BF877951D}.Debug|Any CPU.ActiveCfg = Debug|Any CPU
		{8188DA8A-93D4-49FE-9DF3-B70BF877951D}.Debug|Any CPU.Build.0 = Debug|Any CPU
		{8188DA8A-93D4-49FE-9DF3-B70BF877951D}.Debug|x64.ActiveCfg = Debug|Any CPU
		{8188DA8A-93D4-49FE-9DF3-B70BF877951D}.Debug|x64.Build.0 = Debug|Any CPU
		{8188DA8A-93D4-49FE-9DF3-B70BF877951D}.Debug|x86.ActiveCfg = Debug|Any CPU
		{8188DA8A-93D4-49FE-9DF3-B70BF877951D}.Debug|x86.Build.0 = Debug|Any CPU
		{8188DA8A-93D4-49FE-9DF3-B70BF877951D}.Release|Any CPU.ActiveCfg = Release|Any CPU
		{8188DA8A-93D4-49FE-9DF3-B70BF877951D}.Release|Any CPU.Build.0 = Release|Any CPU
		{8188DA8A-93D4-49FE-9DF3-B70BF877951D}.Release|x64.ActiveCfg = Release|Any CPU
		{8188DA8A-93D4-49FE-9DF3-B70BF877951D}.Release|x64.Build.0 = Release|Any CPU
		{8188DA8A-93D4-49FE-9DF3-B70BF877951D}.Release|x86.ActiveCfg = Release|Any CPU
		{8188DA8A-93D4-49FE-9DF3-B70BF877951D}.Release|x86.Build.0 = Release|Any CPU
	EndGlobalSection
	GlobalSection(SolutionProperties) = preSolution
		HideSolutionNode = FALSE
	EndGlobalSection
	GlobalSection(NestedProjects) = preSolution
		{895D2ABD-30AB-4E21-8114-F05DA9B6ED25} = {0AB3BF05-4346-4AA6-1389-037BE0695223}
		{0FBDA28D-0C9A-4469-9A74-F561CF9620C7} = {827E0CD3-B72D-47B6-A68D-7590B98EB39B}
		{5E17B29E-BFC6-44BF-9BAD-D0D0295CD905} = {827E0CD3-B72D-47B6-A68D-7590B98EB39B}
		{8188DA8A-93D4-49FE-9DF3-B70BF877951D} = {827E0CD3-B72D-47B6-A68D-7590B98EB39B}
	EndGlobalSection
EndGlobal
